Microsoft Visual Studio Solution File, Format Version 12.00
# Visual Studio 15
VisualStudioVersion = 15.0.26430.4
MinimumVisualStudioVersion = 10.0.40219.1
Project("{2150E333-8FDC-42A3-9474-1A3956D46DE8}") = "src", "src", "{69AF6E83-D51A-40CB-BC1E-6BED5A8A5E1B}"
EndProject
Project("{2150E333-8FDC-42A3-9474-1A3956D46DE8}") = "Solution Items", "Solution Items", "{FDE348F1-0C84-4BAD-A912-6A7EC8D5C468}"
	ProjectSection(SolutionItems) = preProject
		.cfignore = .cfignore
		.gitignore = .gitignore
		manifest.yml = manifest.yml
		NuGet.Config = NuGet.Config
	EndProjectSection
EndProject
Project("{9A19103F-16F7-4668-BE54-9A1E7A4F7556}") = "Action", "src\Action\Action.csproj", "{FBE90CB3-17A0-4C81-A1F5-1CAE061D2B97}"
EndProject
Global
	GlobalSection(SolutionConfigurationPlatforms) = preSolution
		Debug|Any CPU = Debug|Any CPU
		Debug|x64 = Debug|x64
		Debug|x86 = Debug|x86
		Release|Any CPU = Release|Any CPU
		Release|x64 = Release|x64
		Release|x86 = Release|x86
	EndGlobalSection
	GlobalSection(ProjectConfigurationPlatforms) = postSolution
		{FBE90CB3-17A0-4C81-A1F5-1CAE061D2B97}.Debug|Any CPU.ActiveCfg = Debug|Any CPU
		{FBE90CB3-17A0-4C81-A1F5-1CAE061D2B97}.Debug|Any CPU.Build.0 = Debug|Any CPU
		{FBE90CB3-17A0-4C81-A1F5-1CAE061D2B97}.Debug|x64.ActiveCfg = Debug|Any CPU
		{FBE90CB3-17A0-4C81-A1F5-1CAE061D2B97}.Debug|x64.Build.0 = Debug|Any CPU
		{FBE90CB3-17A0-4C81-A1F5-1CAE061D2B97}.Debug|x86.ActiveCfg = Debug|Any CPU
		{FBE90CB3-17A0-4C81-A1F5-1CAE061D2B97}.Debug|x86.Build.0 = Debug|Any CPU
		{FBE90CB3-17A0-4C81-A1F5-1CAE061D2B97}.Release|Any CPU.ActiveCfg = Debug|Any CPU
		{FBE90CB3-17A0-4C81-A1F5-1CAE061D2B97}.Release|Any CPU.Build.0 = Debug|Any CPU
		{FBE90CB3-17A0-4C81-A1F5-1CAE061D2B97}.Release|x64.ActiveCfg = Debug|Any CPU
		{FBE90CB3-17A0-4C81-A1F5-1CAE061D2B97}.Release|x64.Build.0 = Debug|Any CPU
		{FBE90CB3-17A0-4C81-A1F5-1CAE061D2B97}.Release|x86.ActiveCfg = Debug|Any CPU
		{FBE90CB3-17A0-4C81-A1F5-1CAE061D2B97}.Release|x86.Build.0 = Debug|Any CPU
		{18F6F93D-0F25-444D-B0F4-A21E1BDF122B}.Debug|Any CPU.ActiveCfg = Debug|Any CPU
		{18F6F93D-0F25-444D-B0F4-A21E1BDF122B}.Debug|Any CPU.Build.0 = Debug|Any CPU
		{18F6F93D-0F25-444D-B0F4-A21E1BDF122B}.Debug|x64.ActiveCfg = Debug|Any CPU
		{18F6F93D-0F25-444D-B0F4-A21E1BDF122B}.Debug|x64.Build.0 = Debug|Any CPU
		{18F6F93D-0F25-444D-B0F4-A21E1BDF122B}.Debug|x86.ActiveCfg = Debug|Any CPU
		{18F6F93D-0F25-444D-B0F4-A21E1BDF122B}.Debug|x86.Build.0 = Debug|Any CPU
		{18F6F93D-0F25-444D-B0F4-A21E1BDF122B}.Release|Any CPU.ActiveCfg = Release|Any CPU
		{18F6F93D-0F25-444D-B0F4-A21E1BDF122B}.Release|Any CPU.Build.0 = Release|Any CPU
		{18F6F93D-0F25-444D-B0F4-A21E1BDF122B}.Release|x64.ActiveCfg = Release|Any CPU
		{18F6F93D-0F25-444D-B0F4-A21E1BDF122B}.Release|x64.Build.0 = Release|Any CPU
		{18F6F93D-0F25-444D-B0F4-A21E1BDF122B}.Release|x86.ActiveCfg = Release|Any CPU
		{18F6F93D-0F25-444D-B0F4-A21E1BDF122B}.Release|x86.Build.0 = Release|Any CPU
		{2791FCED-8838-42ED-B6DF-61B3DAD20DAC}.Debug|Any CPU.ActiveCfg = Debug|Any CPU
		{2791FCED-8838-42ED-B6DF-61B3DAD20DAC}.Debug|Any CPU.Build.0 = Debug|Any CPU
		{2791FCED-8838-42ED-B6DF-61B3DAD20DAC}.Debug|x64.ActiveCfg = Debug|Any CPU
		{2791FCED-8838-42ED-B6DF-61B3DAD20DAC}.Debug|x64.Build.0 = Debug|Any CPU
		{2791FCED-8838-42ED-B6DF-61B3DAD20DAC}.Debug|x86.ActiveCfg = Debug|Any CPU
		{2791FCED-8838-42ED-B6DF-61B3DAD20DAC}.Debug|x86.Build.0 = Debug|Any CPU
		{2791FCED-8838-42ED-B6DF-61B3DAD20DAC}.Release|Any CPU.ActiveCfg = Release|Any CPU
		{2791FCED-8838-42ED-B6DF-61B3DAD20DAC}.Release|Any CPU.Build.0 = Release|Any CPU
		{2791FCED-8838-42ED-B6DF-61B3DAD20DAC}.Release|x64.ActiveCfg = Release|Any CPU
		{2791FCED-8838-42ED-B6DF-61B3DAD20DAC}.Release|x64.Build.0 = Release|Any CPU
		{2791FCED-8838-42ED-B6DF-61B3DAD20DAC}.Release|x86.ActiveCfg = Release|Any CPU
		{2791FCED-8838-42ED-B6DF-61B3DAD20DAC}.Release|x86.Build.0 = Release|Any CPU
		{9BF09927-8260-4F54-A58E-C7E9DCF1278D}.Debug|Any CPU.ActiveCfg = Debug|Any CPU
		{9BF09927-8260-4F54-A58E-C7E9DCF1278D}.Debug|Any CPU.Build.0 = Debug|Any CPU
		{9BF09927-8260-4F54-A58E-C7E9DCF1278D}.Debug|x64.ActiveCfg = Debug|Any CPU
		{9BF09927-8260-4F54-A58E-C7E9DCF1278D}.Debug|x64.Build.0 = Debug|Any CPU
		{9BF09927-8260-4F54-A58E-C7E9DCF1278D}.Debug|x86.ActiveCfg = Debug|Any CPU
		{9BF09927-8260-4F54-A58E-C7E9DCF1278D}.Debug|x86.Build.0 = Debug|Any CPU
		{9BF09927-8260-4F54-A58E-C7E9DCF1278D}.Release|Any CPU.ActiveCfg = Release|Any CPU
		{9BF09927-8260-4F54-A58E-C7E9DCF1278D}.Release|Any CPU.Build.0 = Release|Any CPU
		{9BF09927-8260-4F54-A58E-C7E9DCF1278D}.Release|x64.ActiveCfg = Release|Any CPU
		{9BF09927-8260-4F54-A58E-C7E9DCF1278D}.Release|x64.Build.0 = Release|Any CPU
		{9BF09927-8260-4F54-A58E-C7E9DCF1278D}.Release|x86.ActiveCfg = Release|Any CPU
		{9BF09927-8260-4F54-A58E-C7E9DCF1278D}.Release|x86.Build.0 = Release|Any CPU
		{E485FCC3-EF67-4E16-8CB9-4CEA9F218C4E}.Debug|Any CPU.ActiveCfg = Debug|Any CPU
		{E485FCC3-EF67-4E16-8CB9-4CEA9F218C4E}.Debug|Any CPU.Build.0 = Debug|Any CPU
		{E485FCC3-EF67-4E16-8CB9-4CEA9F218C4E}.Debug|x64.ActiveCfg = Debug|Any CPU
		{E485FCC3-EF67-4E16-8CB9-4CEA9F218C4E}.Debug|x64.Build.0 = Debug|Any CPU
		{E485FCC3-EF67-4E16-8CB9-4CEA9F218C4E}.Debug|x86.ActiveCfg = Debug|Any CPU
		{E485FCC3-EF67-4E16-8CB9-4CEA9F218C4E}.Debug|x86.Build.0 = Debug|Any CPU
		{E485FCC3-EF67-4E16-8CB9-4CEA9F218C4E}.Release|Any CPU.ActiveCfg = Release|Any CPU
		{E485FCC3-EF67-4E16-8CB9-4CEA9F218C4E}.Release|Any CPU.Build.0 = Release|Any CPU
		{E485FCC3-EF67-4E16-8CB9-4CEA9F218C4E}.Release|x64.ActiveCfg = Release|Any CPU
		{E485FCC3-EF67-4E16-8CB9-4CEA9F218C4E}.Release|x64.Build.0 = Release|Any CPU
		{E485FCC3-EF67-4E16-8CB9-4CEA9F218C4E}.Release|x86.ActiveCfg = Release|Any CPU
		{E485FCC3-EF67-4E16-8CB9-4CEA9F218C4E}.Release|x86.Build.0 = Release|Any CPU
	EndGlobalSection
	GlobalSection(SolutionProperties) = preSolution
		HideSolutionNode = FALSE
	EndGlobalSection
	GlobalSection(NestedProjects) = preSolution
		{FBE90CB3-17A0-4C81-A1F5-1CAE061D2B97} = {69AF6E83-D51A-40CB-BC1E-6BED5A8A5E1B}
	EndGlobalSection
	GlobalSection(ExtensibilityGlobals) = postSolution
		SolutionGuid = {AF215F75-A5D7-46F5-8DAB-9CC046DAE21D}
	EndGlobalSection
EndGlobal
